
Microsoft Visual Studio Solution File, Format Version 12.00
# Visual Studio Version 17
VisualStudioVersion = 17.9.34728.123
MinimumVisualStudioVersion = 10.0.40219.1
Project("{FAE04EC0-301F-11D3-BF4B-00C04F79EFBC}") = "switch oppgave 1", "switch oppgave 1\switch oppgave 1.csproj", "{82ECF90E-11ED-4BA2-B704-FD60734B3F11}"
EndProject
Global
	GlobalSection(SolutionConfigurationPlatforms) = preSolution
		Debug|Any CPU = Debug|Any CPU
		Release|Any CPU = Release|Any CPU
	EndGlobalSection
	GlobalSection(ProjectConfigurationPlatforms) = postSolution
		{82ECF90E-11ED-4BA2-B704-FD60734B3F11}.Debug|Any CPU.ActiveCfg = Debug|Any CPU
		{82ECF90E-11ED-4BA2-B704-FD60734B3F11}.Debug|Any CPU.Build.0 = Debug|Any CPU
		{82ECF90E-11ED-4BA2-B704-FD60734B3F11}.Release|Any CPU.ActiveCfg = Release|Any CPU
		{82ECF90E-11ED-4BA2-B704-FD60734B3F11}.Release|Any CPU.Build.0 = Release|Any CPU
	EndGlobalSection
	GlobalSection(SolutionProperties) = preSolution
		HideSolutionNode = FALSE
	EndGlobalSection
	GlobalSection(ExtensibilityGlobals) = postSolution
		SolutionGuid = {8716709C-F690-4888-8277-1BC88CA36D4D}
	EndGlobalSection
EndGlobal
